
Microsoft Visual Studio Solution File, Format Version 12.00
# Visual Studio Version 17
VisualStudioVersion = 17.14.36511.14 d17.14
MinimumVisualStudioVersion = 10.0.40219.1
Project("{FAE04EC0-301F-11D3-BF4B-00C04F79EFBC}") = "f25-m2-drawing", "f25-m2-drawing.csproj", "{B5DC6785-8D77-43F6-9158-2503C6AE027B}"
EndProject
Global
	GlobalSection(SolutionConfigurationPlatforms) = preSolution
		Debug|Any CPU = Debug|Any CPU
		Release|Any CPU = Release|Any CPU
	EndGlobalSection
	GlobalSection(ProjectConfigurationPlatforms) = postSolution
		{B5DC6785-8D77-43F6-9158-2503C6AE027B}.Debug|Any CPU.ActiveCfg = Debug|Any CPU
		{B5DC6785-8D77-43F6-9158-2503C6AE027B}.Debug|Any CPU.Build.0 = Debug|Any CPU
		{B5DC6785-8D77-43F6-9158-2503C6AE027B}.Release|Any CPU.ActiveCfg = Release|Any CPU
		{B5DC6785-8D77-43F6-9158-2503C6AE027B}.Release|Any CPU.Build.0 = Release|Any CPU
	EndGlobalSection
	GlobalSection(SolutionProperties) = preSolution
		HideSolutionNode = FALSE
	EndGlobalSection
	GlobalSection(ExtensibilityGlobals) = postSolution
		SolutionGuid = {E8D20137-AFDE-4A2F-AAC0-DB6D319E59AB}
	EndGlobalSection
EndGlobal
